
Microsoft Visual Studio Solution File, Format Version 12.00
# Visual Studio Version 16
VisualStudioVersion = 16.0.30330.147
MinimumVisualStudioVersion = 10.0.40219.1
Project("{9A19103F-16F7-4668-BE54-9A1E7A4F7556}") = "C_task_04", "C_task_04.csproj", "{06114D78-EDEF-4FB1-803F-E6BD400D45B5}"
EndProject
Project("{9A19103F-16F7-4668-BE54-9A1E7A4F7556}") = "C_task_04_Test", "C_task_04_Test\C_task_04_Test.csproj", "{484F55DB-0769-450D-8A58-9C63E39D3B85}"
EndProject
Global
	GlobalSection(SolutionConfigurationPlatforms) = preSolution
		Debug|Any CPU = Debug|Any CPU
		Release|Any CPU = Release|Any CPU
	EndGlobalSection
	GlobalSection(ProjectConfigurationPlatforms) = postSolution
		{06114D78-EDEF-4FB1-803F-E6BD400D45B5}.Debug|Any CPU.ActiveCfg = Debug|Any CPU
		{06114D78-EDEF-4FB1-803F-E6BD400D45B5}.Debug|Any CPU.Build.0 = Debug|Any CPU
		{06114D78-EDEF-4FB1-803F-E6BD400D45B5}.Release|Any CPU.ActiveCfg = Release|Any CPU
		{06114D78-EDEF-4FB1-803F-E6BD400D45B5}.Release|Any CPU.Build.0 = Release|Any CPU
		{484F55DB-0769-450D-8A58-9C63E39D3B85}.Debug|Any CPU.ActiveCfg = Debug|Any CPU
		{484F55DB-0769-450D-8A58-9C63E39D3B85}.Debug|Any CPU.Build.0 = Debug|Any CPU
		{484F55DB-0769-450D-8A58-9C63E39D3B85}.Release|Any CPU.ActiveCfg = Release|Any CPU
		{484F55DB-0769-450D-8A58-9C63E39D3B85}.Release|Any CPU.Build.0 = Release|Any CPU
	EndGlobalSection
	GlobalSection(SolutionProperties) = preSolution
		HideSolutionNode = FALSE
	EndGlobalSection
	GlobalSection(ExtensibilityGlobals) = postSolution
		SolutionGuid = {C6E102F3-74BA-41B7-8D72-FC98432EB2A7}
	EndGlobalSection
EndGlobal
